
Microsoft Visual Studio Solution File, Format Version 12.00
# Visual Studio Version 17
VisualStudioVersion = 17.7.34202.233
MinimumVisualStudioVersion = 10.0.40219.1
Project("{9A19103F-16F7-4668-BE54-9A1E7A4F7556}") = "API.Gateway", "API.Gateway.csproj", "{CDA6C79C-DD9C-495C-A8F3-07282AF88DCF}"
EndProject
Project("{FAE04EC0-301F-11D3-BF4B-00C04F79EFBC}") = "Gateway.Domain", "..\Gateway.Domain\Gateway.Domain.csproj", "{F16432CB-B3ED-455A-A364-AE06974CF761}"
EndProject
Project("{FAE04EC0-301F-11D3-BF4B-00C04F79EFBC}") = "Gateway.Infrastructure", "..\Gateway.Infrastructure\Gateway.Infrastructure.csproj", "{443855DE-D02D-4495-8625-832DFDC8D267}"
EndProject
Project("{FAE04EC0-301F-11D3-BF4B-00C04F79EFBC}") = "Gateway.Domain.Services", "..\Gateway.Domain.Services\Gateway.Domain.Services.csproj", "{31DD6B67-83D2-42BB-8BE3-89C290D1ED0F}"
EndProject
Global
	GlobalSection(SolutionConfigurationPlatforms) = preSolution
		Debug|Any CPU = Debug|Any CPU
		Release|Any CPU = Release|Any CPU
	EndGlobalSection
	GlobalSection(ProjectConfigurationPlatforms) = postSolution
		{CDA6C79C-DD9C-495C-A8F3-07282AF88DCF}.Debug|Any CPU.ActiveCfg = Debug|Any CPU
		{CDA6C79C-DD9C-495C-A8F3-07282AF88DCF}.Debug|Any CPU.Build.0 = Debug|Any CPU
		{CDA6C79C-DD9C-495C-A8F3-07282AF88DCF}.Release|Any CPU.ActiveCfg = Release|Any CPU
		{CDA6C79C-DD9C-495C-A8F3-07282AF88DCF}.Release|Any CPU.Build.0 = Release|Any CPU
		{F16432CB-B3ED-455A-A364-AE06974CF761}.Debug|Any CPU.ActiveCfg = Debug|Any CPU
		{F16432CB-B3ED-455A-A364-AE06974CF761}.Debug|Any CPU.Build.0 = Debug|Any CPU
		{F16432CB-B3ED-455A-A364-AE06974CF761}.Release|Any CPU.ActiveCfg = Release|Any CPU
		{F16432CB-B3ED-455A-A364-AE06974CF761}.Release|Any CPU.Build.0 = Release|Any CPU
		{443855DE-D02D-4495-8625-832DFDC8D267}.Debug|Any CPU.ActiveCfg = Debug|Any CPU
		{443855DE-D02D-4495-8625-832DFDC8D267}.Debug|Any CPU.Build.0 = Debug|Any CPU
		{443855DE-D02D-4495-8625-832DFDC8D267}.Release|Any CPU.ActiveCfg = Release|Any CPU
		{443855DE-D02D-4495-8625-832DFDC8D267}.Release|Any CPU.Build.0 = Release|Any CPU
		{31DD6B67-83D2-42BB-8BE3-89C290D1ED0F}.Debug|Any CPU.ActiveCfg = Debug|Any CPU
		{31DD6B67-83D2-42BB-8BE3-89C290D1ED0F}.Debug|Any CPU.Build.0 = Debug|Any CPU
		{31DD6B67-83D2-42BB-8BE3-89C290D1ED0F}.Release|Any CPU.ActiveCfg = Release|Any CPU
		{31DD6B67-83D2-42BB-8BE3-89C290D1ED0F}.Release|Any CPU.Build.0 = Release|Any CPU
	EndGlobalSection
	GlobalSection(SolutionProperties) = preSolution
		HideSolutionNode = FALSE
	EndGlobalSection
	GlobalSection(ExtensibilityGlobals) = postSolution
		SolutionGuid = {2249AC36-1683-4CAB-838B-F39F84637C3E}
	EndGlobalSection
EndGlobal
