
Microsoft Visual Studio Solution File, Format Version 12.00
# Visual Studio Version 17
VisualStudioVersion = 17.7.34202.233
MinimumVisualStudioVersion = 10.0.40219.1
Project("{9A19103F-16F7-4668-BE54-9A1E7A4F7556}") = "StockAPI.API", "StockAPI.API.csproj", "{B9D20DAA-0275-4D1F-9673-E8764298AE6C}"
EndProject
Project("{FAE04EC0-301F-11D3-BF4B-00C04F79EFBC}") = "StockAPI.Domain", "..\StockAPI.Domain\StockAPI.Domain.csproj", "{C86C5150-F8FF-457B-9FCC-986BB54EFBDA}"
EndProject
Project("{FAE04EC0-301F-11D3-BF4B-00C04F79EFBC}") = "StockAPI.Infrastructure", "..\StockAPI.Infrastructure\StockAPI.Infrastructure.csproj", "{8F7DAF86-3244-4AD0-B315-EEDA4790A2B7}"
EndProject
Project("{FAE04EC0-301F-11D3-BF4B-00C04F79EFBC}") = "StockAPI.Domain.Services", "..\StockAPI.Domain.Services\StockAPI.Domain.Services.csproj", "{55EDB04A-5B53-4ECB-A1D2-4C461E54E0E5}"
EndProject
Global
	GlobalSection(SolutionConfigurationPlatforms) = preSolution
		Debug|Any CPU = Debug|Any CPU
		Release|Any CPU = Release|Any CPU
	EndGlobalSection
	GlobalSection(ProjectConfigurationPlatforms) = postSolution
		{B9D20DAA-0275-4D1F-9673-E8764298AE6C}.Debug|Any CPU.ActiveCfg = Debug|Any CPU
		{B9D20DAA-0275-4D1F-9673-E8764298AE6C}.Debug|Any CPU.Build.0 = Debug|Any CPU
		{B9D20DAA-0275-4D1F-9673-E8764298AE6C}.Release|Any CPU.ActiveCfg = Release|Any CPU
		{B9D20DAA-0275-4D1F-9673-E8764298AE6C}.Release|Any CPU.Build.0 = Release|Any CPU
		{C86C5150-F8FF-457B-9FCC-986BB54EFBDA}.Debug|Any CPU.ActiveCfg = Debug|Any CPU
		{C86C5150-F8FF-457B-9FCC-986BB54EFBDA}.Debug|Any CPU.Build.0 = Debug|Any CPU
		{C86C5150-F8FF-457B-9FCC-986BB54EFBDA}.Release|Any CPU.ActiveCfg = Release|Any CPU
		{C86C5150-F8FF-457B-9FCC-986BB54EFBDA}.Release|Any CPU.Build.0 = Release|Any CPU
		{8F7DAF86-3244-4AD0-B315-EEDA4790A2B7}.Debug|Any CPU.ActiveCfg = Debug|Any CPU
		{8F7DAF86-3244-4AD0-B315-EEDA4790A2B7}.Debug|Any CPU.Build.0 = Debug|Any CPU
		{8F7DAF86-3244-4AD0-B315-EEDA4790A2B7}.Release|Any CPU.ActiveCfg = Release|Any CPU
		{8F7DAF86-3244-4AD0-B315-EEDA4790A2B7}.Release|Any CPU.Build.0 = Release|Any CPU
		{55EDB04A-5B53-4ECB-A1D2-4C461E54E0E5}.Debug|Any CPU.ActiveCfg = Debug|Any CPU
		{55EDB04A-5B53-4ECB-A1D2-4C461E54E0E5}.Debug|Any CPU.Build.0 = Debug|Any CPU
		{55EDB04A-5B53-4ECB-A1D2-4C461E54E0E5}.Release|Any CPU.ActiveCfg = Release|Any CPU
		{55EDB04A-5B53-4ECB-A1D2-4C461E54E0E5}.Release|Any CPU.Build.0 = Release|Any CPU
	EndGlobalSection
	GlobalSection(SolutionProperties) = preSolution
		HideSolutionNode = FALSE
	EndGlobalSection
	GlobalSection(ExtensibilityGlobals) = postSolution
		SolutionGuid = {63C2599B-FEFB-47A6-9E1A-87492FBCC1AE}
	EndGlobalSection
EndGlobal
